
Microsoft Visual Studio Solution File, Format Version 12.00
# Visual Studio 2017
Project("{FAE04EC0-301F-11D3-BF4B-00C04F79EFBC}") = "KrestNulls2", "KrestNulls2.csproj", "{D62C89AE-A846-2B38-089E-AFFB199A925C}"
EndProject
Project("{FAE04EC0-301F-11D3-BF4B-00C04F79EFBC}") = "KrestNulls2.Editor", "KrestNulls2.Editor.csproj", "{7EA14F45-F6C1-C060-529B-DC08B9B9782F}"
EndProject
Global
	GlobalSection(SolutionConfigurationPlatforms) = preSolution
		Debug|Any CPU = Debug|Any CPU
		Release|Any CPU = Release|Any CPU
	EndGlobalSection
	GlobalSection(ProjectConfigurationPlatforms) = postSolution
		{D62C89AE-A846-2B38-089E-AFFB199A925C}.Debug|Any CPU.ActiveCfg = Debug|Any CPU
		{D62C89AE-A846-2B38-089E-AFFB199A925C}.Debug|Any CPU.Build.0 = Debug|Any CPU
		{D62C89AE-A846-2B38-089E-AFFB199A925C}.Release|Any CPU.ActiveCfg = Release|Any CPU
		{D62C89AE-A846-2B38-089E-AFFB199A925C}.Release|Any CPU.Build.0 = Release|Any CPU
		{7EA14F45-F6C1-C060-529B-DC08B9B9782F}.Debug|Any CPU.ActiveCfg = Debug|Any CPU
		{7EA14F45-F6C1-C060-529B-DC08B9B9782F}.Debug|Any CPU.Build.0 = Debug|Any CPU
		{7EA14F45-F6C1-C060-529B-DC08B9B9782F}.Release|Any CPU.ActiveCfg = Release|Any CPU
		{7EA14F45-F6C1-C060-529B-DC08B9B9782F}.Release|Any CPU.Build.0 = Release|Any CPU
	EndGlobalSection
	GlobalSection(SolutionProperties) = preSolution
		HideSolutionNode = FALSE
	EndGlobalSection
EndGlobal
